
Microsoft Visual Studio Solution File, Format Version 12.00
# Visual Studio 15
VisualStudioVersion = 15.0.28307.757
MinimumVisualStudioVersion = 10.0.40219.1
Project("{FAE04EC0-301F-11D3-BF4B-00C04F79EFBC}") = "LLK", "LLK\LLK.csproj", "{625A9F8E-EAD7-40BE-BDC3-04C6ABE579B5}"
EndProject
Global
	GlobalSection(SolutionConfigurationPlatforms) = preSolution
		Debug|Any CPU = Debug|Any CPU
		Release|Any CPU = Release|Any CPU
	EndGlobalSection
	GlobalSection(ProjectConfigurationPlatforms) = postSolution
		{625A9F8E-EAD7-40BE-BDC3-04C6ABE579B5}.Debug|Any CPU.ActiveCfg = Debug|Any CPU
		{625A9F8E-EAD7-40BE-BDC3-04C6ABE579B5}.Debug|Any CPU.Build.0 = Debug|Any CPU
		{625A9F8E-EAD7-40BE-BDC3-04C6ABE579B5}.Release|Any CPU.ActiveCfg = Release|Any CPU
		{625A9F8E-EAD7-40BE-BDC3-04C6ABE579B5}.Release|Any CPU.Build.0 = Release|Any CPU
	EndGlobalSection
	GlobalSection(SolutionProperties) = preSolution
		HideSolutionNode = FALSE
	EndGlobalSection
	GlobalSection(ExtensibilityGlobals) = postSolution
		SolutionGuid = {192D1B7E-1901-45AF-9858-9A0EA01ED6D5}
	EndGlobalSection
EndGlobal
